
Microsoft Visual Studio Solution File, Format Version 12.00
# Visual Studio Version 17
VisualStudioVersion = 17.1.32210.238
MinimumVisualStudioVersion = 10.0.40219.1
Project("{9A19103F-16F7-4668-BE54-9A1E7A4F7556}") = "CitySpec", "CitySpec\CitySpec.csproj", "{1DA447B2-68EB-46BB-8C47-508EC47465FA}"
EndProject
Project("{FAE04EC0-301F-11D3-BF4B-00C04F79EFBC}") = "CitySpec_Tests", "CitySpec_Tests\CitySpec_Tests.csproj", "{10710C34-E6F9-4ACB-8603-56D2266C168B}"
EndProject
Global
	GlobalSection(SolutionConfigurationPlatforms) = preSolution
		Debug|Any CPU = Debug|Any CPU
		Release|Any CPU = Release|Any CPU
	EndGlobalSection
	GlobalSection(ProjectConfigurationPlatforms) = postSolution
		{1DA447B2-68EB-46BB-8C47-508EC47465FA}.Debug|Any CPU.ActiveCfg = Debug|Any CPU
		{1DA447B2-68EB-46BB-8C47-508EC47465FA}.Debug|Any CPU.Build.0 = Debug|Any CPU
		{1DA447B2-68EB-46BB-8C47-508EC47465FA}.Release|Any CPU.ActiveCfg = Release|Any CPU
		{1DA447B2-68EB-46BB-8C47-508EC47465FA}.Release|Any CPU.Build.0 = Release|Any CPU
		{10710C34-E6F9-4ACB-8603-56D2266C168B}.Debug|Any CPU.ActiveCfg = Debug|Any CPU
		{10710C34-E6F9-4ACB-8603-56D2266C168B}.Debug|Any CPU.Build.0 = Debug|Any CPU
		{10710C34-E6F9-4ACB-8603-56D2266C168B}.Release|Any CPU.ActiveCfg = Release|Any CPU
		{10710C34-E6F9-4ACB-8603-56D2266C168B}.Release|Any CPU.Build.0 = Release|Any CPU
	EndGlobalSection
	GlobalSection(SolutionProperties) = preSolution
		HideSolutionNode = FALSE
	EndGlobalSection
	GlobalSection(ExtensibilityGlobals) = postSolution
		SolutionGuid = {808272D4-8713-46FE-9D76-2A5137133445}
	EndGlobalSection
EndGlobal
